
Microsoft Visual Studio Solution File, Format Version 12.00
# Visual Studio Version 16
VisualStudioVersion = 16.0.30204.135
MinimumVisualStudioVersion = 10.0.40219.1
Project("{FAE04EC0-301F-11D3-BF4B-00C04F79EFBC}") = "ConsoleApp1", "ConsoleApp1.csproj", "{D994F50E-8225-41F6-B567-F8B07EDAB6EB}"
EndProject
Global
	GlobalSection(SolutionConfigurationPlatforms) = preSolution
		Debug|Any CPU = Debug|Any CPU
		Release|Any CPU = Release|Any CPU
	EndGlobalSection
	GlobalSection(ProjectConfigurationPlatforms) = postSolution
		{D994F50E-8225-41F6-B567-F8B07EDAB6EB}.Debug|Any CPU.ActiveCfg = Debug|Any CPU
		{D994F50E-8225-41F6-B567-F8B07EDAB6EB}.Debug|Any CPU.Build.0 = Debug|Any CPU
		{D994F50E-8225-41F6-B567-F8B07EDAB6EB}.Release|Any CPU.ActiveCfg = Release|Any CPU
		{D994F50E-8225-41F6-B567-F8B07EDAB6EB}.Release|Any CPU.Build.0 = Release|Any CPU
	EndGlobalSection
	GlobalSection(SolutionProperties) = preSolution
		HideSolutionNode = FALSE
	EndGlobalSection
	GlobalSection(ExtensibilityGlobals) = postSolution
		SolutionGuid = {7DC5D6A9-AF14-452E-96AC-D11EB940B9F9}
	EndGlobalSection
EndGlobal
